
Microsoft Visual Studio Solution File, Format Version 12.00
# Visual Studio Version 16
VisualStudioVersion = 16.0.30621.155
MinimumVisualStudioVersion = 10.0.40219.1
Project("{FAE04EC0-301F-11D3-BF4B-00C04F79EFBC}") = "Task1", "Task1\Task1.csproj", "{82A2F71A-56D8-4071-99CB-87313C9BB816}"
EndProject
Global
	GlobalSection(SolutionConfigurationPlatforms) = preSolution
		Debug|Any CPU = Debug|Any CPU
		Release|Any CPU = Release|Any CPU
	EndGlobalSection
	GlobalSection(ProjectConfigurationPlatforms) = postSolution
		{82A2F71A-56D8-4071-99CB-87313C9BB816}.Debug|Any CPU.ActiveCfg = Debug|Any CPU
		{82A2F71A-56D8-4071-99CB-87313C9BB816}.Debug|Any CPU.Build.0 = Debug|Any CPU
		{82A2F71A-56D8-4071-99CB-87313C9BB816}.Release|Any CPU.ActiveCfg = Release|Any CPU
		{82A2F71A-56D8-4071-99CB-87313C9BB816}.Release|Any CPU.Build.0 = Release|Any CPU
	EndGlobalSection
	GlobalSection(SolutionProperties) = preSolution
		HideSolutionNode = FALSE
	EndGlobalSection
	GlobalSection(ExtensibilityGlobals) = postSolution
		SolutionGuid = {8BC28D7D-DFF1-4217-B16E-303EADB6A7DC}
	EndGlobalSection
EndGlobal
